// !$*UTF8*$!
{
	archiveVersion = 1;
	classes = {
	};
	objectVersion = 50;
	objects = {

/* Begin PBXBuildFile section */
		924449DE24C9E6BB00F59B7D /* InfoPlist.strings in Resources */ = {isa = PBXBuildFile; fileRef = 924449DD24C9E6BB00F59B7D /* InfoPlist.strings */; };
		924449E024C9E78800F59B7D /* public in Resources */ = {isa = PBXBuildFile; fileRef = 924449DF24C9E78800F59B7D /* public */; };
		92BCFC5724C9E608009C4A1D /* AppDelegate.swift in Sources */ = {isa = PBXBuildFile; fileRef = 92BCFC5624C9E608009C4A1D /* AppDelegate.swift */; };
		92BCFC5924C9E608009C4A1D /* SceneDelegate.swift in Sources */ = {isa = PBXBuildFile; fileRef = 92BCFC5824C9E608009C4A1D /* SceneDelegate.swift */; };
		92BCFC5B24C9E608009C4A1D /* ViewController.swift in Sources */ = {isa = PBXBuildFile; fileRef = 92BCFC5A24C9E608009C4A1D /* ViewController.swift */; };
		92BCFC5E24C9E608009C4A1D /* Main.storyboard in Resources */ = {isa = PBXBuildFile; fileRef = 92BCFC5C24C9E608009C4A1D /* Main.storyboard */; };
		92BCFC6024C9E60D009C4A1D /* Assets.xcassets in Resources */ = {isa = PBXBuildFile; fileRef = 92BCFC5F24C9E60D009C4A1D /* Assets.xcassets */; };
		92BCFC6324C9E60D009C4A1D /* LaunchScreen.storyboard in Resources */ = {isa = PBXBuildFile; fileRef = 92BCFC6124C9E60D009C4A1D /* LaunchScreen.storyboard */; };
		92BCFC6E24C9E60D009C4A1D /* FLL_RePLAY_ScorerTests.swift in Sources */ = {isa = PBXBuildFile; fileRef = 92BCFC6D24C9E60D009C4A1D /* FLL_RePLAY_ScorerTests.swift */; };
		92BCFC7924C9E60D009C4A1D /* FLL_RePLAY_ScorerUITests.swift in Sources */ = {isa = PBXBuildFile; fileRef = 92BCFC7824C9E60D009C4A1D /* FLL_RePLAY_ScorerUITests.swift */; };
/* End PBXBuildFile section */

/* Begin PBXContainerItemProxy section */
		92BCFC6A24C9E60D009C4A1D /* PBXContainerItemProxy */ = {
			isa = PBXContainerItemProxy;
			containerPortal = 92BCFC4B24C9E608009C4A1D /* Project object */;
			proxyType = 1;
			remoteGlobalIDString = 92BCFC5224C9E608009C4A1D;
			remoteInfo = "FLL RePLAY Scorer";
		};
		92BCFC7524C9E60D009C4A1D /* PBXContainerItemProxy */ = {
			isa = PBXContainerItemProxy;
			containerPortal = 92BCFC4B24C9E608009C4A1D /* Project object */;
			proxyType = 1;
			remoteGlobalIDString = 92BCFC5224C9E608009C4A1D;
			remoteInfo = "FLL RePLAY Scorer";
		};
/* End PBXContainerItemProxy section */

/* Begin PBXFileReference section */
		924449DC24C9E67D00F59B7D /* FLL RePLAY Scorer.entitlements */ = {isa = PBXFileReference; lastKnownFileType = text.plist.entitlements; path = "FLL RePLAY Scorer.entitlements"; sourceTree = "<group>"; };
		924449DD24C9E6BB00F59B7D /* InfoPlist.strings */ = {isa = PBXFileReference; lastKnownFileType = text.plist.strings; path = InfoPlist.strings; sourceTree = "<group>"; };
		924449DF24C9E78800F59B7D /* public */ = {isa = PBXFileReference; fileEncoding = 4; lastKnownFileType = text; path = public; sourceTree = SOURCE_ROOT; };
		92BCFC5324C9E608009C4A1D /* FLL RePLAY Scorer.app */ = {isa = PBXFileReference; explicitFileType = wrapper.application; includeInIndex = 0; path = "FLL RePLAY Scorer.app"; sourceTree = BUILT_PRODUCTS_DIR; };
		92BCFC5624C9E608009C4A1D /* AppDelegate.swift */ = {isa = PBXFileReference; lastKnownFileType = sourcecode.swift; path = AppDelegate.swift; sourceTree = "<group>"; };
		92BCFC5824C9E608009C4A1D /* SceneDelegate.swift */ = {isa = PBXFileReference; lastKnownFileType = sourcecode.swift; path = SceneDelegate.swift; sourceTree = "<group>"; };
		92BCFC5A24C9E608009C4A1D /* ViewController.swift */ = {isa = PBXFileReference; lastKnownFileType = sourcecode.swift; path = ViewController.swift; sourceTree = "<group>"; };
		92BCFC5D24C9E608009C4A1D /* Base */ = {isa = PBXFileReference; lastKnownFileType = file.storyboard; name = Base; path = Base.lproj/Main.storyboard; sourceTree = "<group>"; };
		92BCFC5F24C9E60D009C4A1D /* Assets.xcassets */ = {isa = PBXFileReference; lastKnownFileType = folder.assetcatalog; path = Assets.xcassets; sourceTree = "<group>"; };
		92BCFC6224C9E60D009C4A1D /* Base */ = {isa = PBXFileReference; lastKnownFileType = file.storyboard; name = Base; path = Base.lproj/LaunchScreen.storyboard; sourceTree = "<group>"; };
		92BCFC6424C9E60D009C4A1D /* Info.plist */ = {isa = PBXFileReference; lastKnownFileType = text.plist.xml; path = Info.plist; sourceTree = "<group>"; };
		92BCFC6924C9E60D009C4A1D /* FLL RePLAY ScorerTests.xctest */ = {isa = PBXFileReference; explicitFileType = wrapper.cfbundle; includeInIndex = 0; path = "FLL RePLAY ScorerTests.xctest"; sourceTree = BUILT_PRODUCTS_DIR; };
		92BCFC6D24C9E60D009C4A1D /* FLL_RePLAY_ScorerTests.swift */ = {isa = PBXFileReference; lastKnownFileType = sourcecode.swift; path = FLL_RePLAY_ScorerTests.swift; sourceTree = "<group>"; };
		92BCFC6F24C9E60D009C4A1D /* Info.plist */ = {isa = PBXFileReference; lastKnownFileType = text.plist.xml; path = Info.plist; sourceTree = "<group>"; };
		92BCFC7424C9E60D009C4A1D /* FLL RePLAY ScorerUITests.xctest */ = {isa = PBXFileReference; explicitFileType = wrapper.cfbundle; includeInIndex = 0; path = "FLL RePLAY ScorerUITests.xctest"; sourceTree = BUILT_PRODUCTS_DIR; };
		92BCFC7824C9E60D009C4A1D /* FLL_RePLAY_ScorerUITests.swift */ = {isa = PBXFileReference; lastKnownFileType = sourcecode.swift; path = FLL_RePLAY_ScorerUITests.swift; sourceTree = "<group>"; };
		92BCFC7A24C9E60D009C4A1D /* Info.plist */ = {isa = PBXFileReference; lastKnownFileType = text.plist.xml; path = Info.plist; sourceTree = "<group>"; };
/* End PBXFileReference section */

/* Begin PBXFrameworksBuildPhase section */
		92BCFC5024C9E608009C4A1D /* Frameworks */ = {
			isa = PBXFrameworksBuildPhase;
			buildActionMask = 2147483647;
			files = (
			);
			runOnlyForDeploymentPostprocessing = 0;
		};
		92BCFC6624C9E60D009C4A1D /* Frameworks */ = {
			isa = PBXFrameworksBuildPhase;
			buildActionMask = 2147483647;
			files = (
			);
			runOnlyForDeploymentPostprocessing = 0;
		};
		92BCFC7124C9E60D009C4A1D /* Frameworks */ = {
			isa = PBXFrameworksBuildPhase;
			buildActionMask = 2147483647;
			files = (
			);
			runOnlyForDeploymentPostprocessing = 0;
		};
/* End PBXFrameworksBuildPhase section */

/* Begin PBXGroup section */
		92BCFC4A24C9E608009C4A1D = {
			isa = PBXGroup;
			children = (
				92BCFC5524C9E608009C4A1D /* FLL RePLAY Scorer */,
				92BCFC6C24C9E60D009C4A1D /* FLL RePLAY ScorerTests */,
				92BCFC7724C9E60D009C4A1D /* FLL RePLAY ScorerUITests */,
				92BCFC5424C9E608009C4A1D /* Products */,
			);
			sourceTree = "<group>";
		};
		92BCFC5424C9E608009C4A1D /* Products */ = {
			isa = PBXGroup;
			children = (
				92BCFC5324C9E608009C4A1D /* FLL RePLAY Scorer.app */,
				92BCFC6924C9E60D009C4A1D /* FLL RePLAY ScorerTests.xctest */,
				92BCFC7424C9E60D009C4A1D /* FLL RePLAY ScorerUITests.xctest */,
			);
			name = Products;
			sourceTree = "<group>";
		};
		92BCFC5524C9E608009C4A1D /* FLL RePLAY Scorer */ = {
			isa = PBXGroup;
			children = (
				924449DF24C9E78800F59B7D /* public */,
				924449DC24C9E67D00F59B7D /* FLL RePLAY Scorer.entitlements */,
				92BCFC5624C9E608009C4A1D /* AppDelegate.swift */,
				92BCFC5824C9E608009C4A1D /* SceneDelegate.swift */,
				92BCFC5A24C9E608009C4A1D /* ViewController.swift */,
				92BCFC5C24C9E608009C4A1D /* Main.storyboard */,
				92BCFC5F24C9E60D009C4A1D /* Assets.xcassets */,
				92BCFC6124C9E60D009C4A1D /* LaunchScreen.storyboard */,
				92BCFC6424C9E60D009C4A1D /* Info.plist */,
				924449DD24C9E6BB00F59B7D /* InfoPlist.strings */,
			);
			path = "FLL RePLAY Scorer";
			sourceTree = "<group>";
		};
		92BCFC6C24C9E60D009C4A1D /* FLL RePLAY ScorerTests */ = {
			isa = PBXGroup;
			children = (
				92BCFC6D24C9E60D009C4A1D /* FLL_RePLAY_ScorerTests.swift */,
				92BCFC6F24C9E60D009C4A1D /* Info.plist */,
			);
			path = "FLL RePLAY ScorerTests";
			sourceTree = "<group>";
		};
		92BCFC7724C9E60D009C4A1D /* FLL RePLAY ScorerUITests */ = {
			isa = PBXGroup;
			children = (
				92BCFC7824C9E60D009C4A1D /* FLL_RePLAY_ScorerUITests.swift */,
				92BCFC7A24C9E60D009C4A1D /* Info.plist */,
			);
			path = "FLL RePLAY ScorerUITests";
			sourceTree = "<group>";
		};
/* End PBXGroup section */

/* Begin PBXNativeTarget section */
		92BCFC5224C9E608009C4A1D /* FLL RePLAY Scorer */ = {
			isa = PBXNativeTarget;
			buildConfigurationList = 92BCFC7D24C9E60D009C4A1D /* Build configuration list for PBXNativeTarget "FLL RePLAY Scorer" */;
			buildPhases = (
				92BCFC4F24C9E608009C4A1D /* Sources */,
				92BCFC5024C9E608009C4A1D /* Frameworks */,
				92BCFC5124C9E608009C4A1D /* Resources */,
			);
			buildRules = (
			);
			dependencies = (
			);
			name = "FLL RePLAY Scorer";
			productName = "FLL RePLAY Scorer";
			productReference = 92BCFC5324C9E608009C4A1D /* FLL RePLAY Scorer.app */;
			productType = "com.apple.product-type.application";
		};
		92BCFC6824C9E60D009C4A1D /* FLL RePLAY ScorerTests */ = {
			isa = PBXNativeTarget;
			buildConfigurationList = 92BCFC8024C9E60D009C4A1D /* Build configuration list for PBXNativeTarget "FLL RePLAY ScorerTests" */;
			buildPhases = (
				92BCFC6524C9E60D009C4A1D /* Sources */,
				92BCFC6624C9E60D009C4A1D /* Frameworks */,
				92BCFC6724C9E60D009C4A1D /* Resources */,
			);
			buildRules = (
			);
			dependencies = (
				92BCFC6B24C9E60D009C4A1D /* PBXTargetDependency */,
			);
			name = "FLL RePLAY ScorerTests";
			productName = "FLL RePLAY ScorerTests";
			productReference = 92BCFC6924C9E60D009C4A1D /* FLL RePLAY ScorerTests.xctest */;
			productType = "com.apple.product-type.bundle.unit-test";
		};
		92BCFC7324C9E60D009C4A1D /* FLL RePLAY ScorerUITests */ = {
			isa = PBXNativeTarget;
			buildConfigurationList = 92BCFC8324C9E60D009C4A1D /* Build configuration list for PBXNativeTarget "FLL RePLAY ScorerUITests" */;
			buildPhases = (
				92BCFC7024C9E60D009C4A1D /* Sources */,
				92BCFC7124C9E60D009C4A1D /* Frameworks */,
				92BCFC7224C9E60D009C4A1D /* Resources */,
			);
			buildRules = (
			);
			dependencies = (
				92BCFC7624C9E60D009C4A1D /* PBXTargetDependency */,
			);
			name = "FLL RePLAY ScorerUITests";
			productName = "FLL RePLAY ScorerUITests";
			productReference = 92BCFC7424C9E60D009C4A1D /* FLL RePLAY ScorerUITests.xctest */;
			productType = "com.apple.product-type.bundle.ui-testing";
		};
/* End PBXNativeTarget section */

/* Begin PBXProject section */
		92BCFC4B24C9E608009C4A1D /* Project object */ = {
			isa = PBXProject;
			attributes = {
				LastSwiftUpdateCheck = 1160;
				LastUpgradeCheck = 1160;
				ORGANIZATIONNAME = "Sanjay Seshan";
				TargetAttributes = {
					92BCFC5224C9E608009C4A1D = {
						CreatedOnToolsVersion = 11.6;
					};
					92BCFC6824C9E60D009C4A1D = {
						CreatedOnToolsVersion = 11.6;
						TestTargetID = 92BCFC5224C9E608009C4A1D;
					};
					92BCFC7324C9E60D009C4A1D = {
						CreatedOnToolsVersion = 11.6;
						TestTargetID = 92BCFC5224C9E608009C4A1D;
					};
				};
			};
			buildConfigurationList = 92BCFC4E24C9E608009C4A1D /* Build configuration list for PBXProject "FLL RePlay Scorer" */;
			compatibilityVersion = "Xcode 9.3";
			developmentRegion = en;
			hasScannedForEncodings = 0;
			knownRegions = (
				en,
				Base,
			);
			mainGroup = 92BCFC4A24C9E608009C4A1D;
			productRefGroup = 92BCFC5424C9E608009C4A1D /* Products */;
			projectDirPath = "";
			projectRoot = "";
			targets = (
				92BCFC5224C9E608009C4A1D /* FLL RePLAY Scorer */,
				92BCFC6824C9E60D009C4A1D /* FLL RePLAY ScorerTests */,
				92BCFC7324C9E60D009C4A1D /* FLL RePLAY ScorerUITests */,
			);
		};
/* End PBXProject section */

/* Begin PBXResourcesBuildPhase section */
		92BCFC5124C9E608009C4A1D /* Resources */ = {
			isa = PBXResourcesBuildPhase;
			buildActionMask = 2147483647;
			files = (
				924449E024C9E78800F59B7D /* public in Resources */,
				92BCFC6324C9E60D009C4A1D /* LaunchScreen.storyboard in Resources */,
				924449DE24C9E6BB00F59B7D /* InfoPlist.strings in Resources */,
				92BCFC6024C9E60D009C4A1D /* Assets.xcassets in Resources */,
				92BCFC5E24C9E608009C4A1D /* Main.storyboard in Resources */,
			);
			runOnlyForDeploymentPostprocessing = 0;
		};
		92BCFC6724C9E60D009C4A1D /* Resources */ = {
			isa = PBXResourcesBuildPhase;
			buildActionMask = 2147483647;
			files = (
			);
			runOnlyForDeploymentPostprocessing = 0;
		};
		92BCFC7224C9E60D009C4A1D /* Resources */ = {
			isa = PBXResourcesBuildPhase;
			buildActionMask = 2147483647;
			files = (
			);
			runOnlyForDeploymentPostprocessing = 0;
		};
/* End PBXResourcesBuildPhase section */

/* Begin PBXSourcesBuildPhase section */
		92BCFC4F24C9E608009C4A1D /* Sources */ = {
			isa = PBXSourcesBuildPhase;
			buildActionMask = 2147483647;
			files = (
				92BCFC5B24C9E608009C4A1D /* ViewController.swift in Sources */,
				92BCFC5724C9E608009C4A1D /* AppDelegate.swift in Sources */,
				92BCFC5924C9E608009C4A1D /* SceneDelegate.swift in Sources */,
			);
			runOnlyForDeploymentPostprocessing = 0;
		};
		92BCFC6524C9E60D009C4A1D /* Sources */ = {
			isa = PBXSourcesBuildPhase;
			buildActionMask = 2147483647;
			files = (
				92BCFC6E24C9E60D009C4A1D /* FLL_RePLAY_ScorerTests.swift in Sources */,
			);
			runOnlyForDeploymentPostprocessing = 0;
		};
		92BCFC7024C9E60D009C4A1D /* Sources */ = {
			isa = PBXSourcesBuildPhase;
			buildActionMask = 2147483647;
			files = (
				92BCFC7924C9E60D009C4A1D /* FLL_RePLAY_ScorerUITests.swift in Sources */,
			);
			runOnlyForDeploymentPostprocessing = 0;
		};
/* End PBXSourcesBuildPhase section */

/* Begin PBXTargetDependency section */
		92BCFC6B24C9E60D009C4A1D /* PBXTargetDependency */ = {
			isa = PBXTargetDependency;
			target = 92BCFC5224C9E608009C4A1D /* FLL RePLAY Scorer */;
			targetProxy = 92BCFC6A24C9E60D009C4A1D /* PBXContainerItemProxy */;
		};
		92BCFC7624C9E60D009C4A1D /* PBXTargetDependency */ = {
			isa = PBXTargetDependency;
			target = 92BCFC5224C9E608009C4A1D /* FLL RePLAY Scorer */;
			targetProxy = 92BCFC7524C9E60D009C4A1D /* PBXContainerItemProxy */;
		};
/* End PBXTargetDependency section */

/* Begin PBXVariantGroup section */
		92BCFC5C24C9E608009C4A1D /* Main.storyboard */ = {
			isa = PBXVariantGroup;
			children = (
				92BCFC5D24C9E608009C4A1D /* Base */,
			);
			name = Main.storyboard;
			sourceTree = "<group>";
		};
		92BCFC6124C9E60D009C4A1D /* LaunchScreen.storyboard */ = {
			isa = PBXVariantGroup;
			children = (
				92BCFC6224C9E60D009C4A1D /* Base */,
			);
			name = LaunchScreen.storyboard;
			sourceTree = "<group>";
		};
/* End PBXVariantGroup section */

/* Begin XCBuildConfiguration section */
		92BCFC7B24C9E60D009C4A1D /* Debug */ = {
			isa = XCBuildConfiguration;
			buildSettings = {
				ALWAYS_SEARCH_USER_PATHS = NO;
				CLANG_ANALYZER_NONNULL = YES;
				CLANG_ANALYZER_NUMBER_OBJECT_CONVERSION = YES_AGGRESSIVE;
				CLANG_CXX_LANGUAGE_STANDARD = "gnu++14";
				CLANG_CXX_LIBRARY = "libc++";
				CLANG_ENABLE_MODULES = YES;
				CLANG_ENABLE_OBJC_ARC = YES;
				CLANG_ENABLE_OBJC_WEAK = YES;
				CLANG_WARN_BLOCK_CAPTURE_AUTORELEASING = YES;
				CLANG_WARN_BOOL_CONVERSION = YES;
				CLANG_WARN_COMMA = YES;
				CLANG_WARN_CONSTANT_CONVERSION = YES;
				CLANG_WARN_DEPRECATED_OBJC_IMPLEMENTATIONS = YES;
				CLANG_WARN_DIRECT_OBJC_ISA_USAGE = YES_ERROR;
				CLANG_WARN_DOCUMENTATION_COMMENTS = YES;
				CLANG_WARN_EMPTY_BODY = YES;
				CLANG_WARN_ENUM_CONVERSION = YES;
				CLANG_WARN_INFINITE_RECURSION = YES;
				CLANG_WARN_INT_CONVERSION = YES;
				CLANG_WARN_NON_LITERAL_NULL_CONVERSION = YES;
				CLANG_WARN_OBJC_IMPLICIT_RETAIN_SELF = YES;
				CLANG_WARN_OBJC_LITERAL_CONVERSION = YES;
				CLANG_WARN_OBJC_ROOT_CLASS = YES_ERROR;
				CLANG_WARN_RANGE_LOOP_ANALYSIS = YES;
				CLANG_WARN_STRICT_PROTOTYPES = YES;
				CLANG_WARN_SUSPICIOUS_MOVE = YES;
				CLANG_WARN_UNGUARDED_AVAILABILITY = YES_AGGRESSIVE;
				CLANG_WARN_UNREACHABLE_CODE = YES;
				CLANG_WARN__DUPLICATE_METHOD_MATCH = YES;
				COPY_PHASE_STRIP = NO;
				DEBUG_INFORMATION_FORMAT = dwarf;
				ENABLE_STRICT_OBJC_MSGSEND = YES;
				ENABLE_TESTABILITY = YES;
				GCC_C_LANGUAGE_STANDARD = gnu11;
				GCC_DYNAMIC_NO_PIC = NO;
				GCC_NO_COMMON_BLOCKS = YES;
				GCC_OPTIMIZATION_LEVEL = 0;
				GCC_PREPROCESSOR_DEFINITIONS = (
					"DEBUG=1",
					"$(inherited)",
				);
				GCC_WARN_64_TO_32_BIT_CONVERSION = YES;
				GCC_WARN_ABOUT_RETURN_TYPE = YES_ERROR;
				GCC_WARN_UNDECLARED_SELECTOR = YES;
				GCC_WARN_UNINITIALIZED_AUTOS = YES_AGGRESSIVE;
				GCC_WARN_UNUSED_FUNCTION = YES;
				GCC_WARN_UNUSED_VARIABLE = YES;
				IPHONEOS_DEPLOYMENT_TARGET = 13.0;
				MTL_ENABLE_DEBUG_INFO = INCLUDE_SOURCE;
				MTL_FAST_MATH = YES;
				ONLY_ACTIVE_ARCH = YES;
				SDKROOT = iphoneos;
				SWIFT_ACTIVE_COMPILATION_CONDITIONS = DEBUG;
				SWIFT_OPTIMIZATION_LEVEL = "-Onone";
			};
			name = Debug;
		};
		92BCFC7C24C9E60D009C4A1D /* Release */ = {
			isa = XCBuildConfiguration;
			buildSettings = {
				ALWAYS_SEARCH_USER_PATHS = NO;
				CLANG_ANALYZER_NONNULL = YES;
				CLANG_ANALYZER_NUMBER_OBJECT_CONVERSION = YES_AGGRESSIVE;
				CLANG_CXX_LANGUAGE_STANDARD = "gnu++14";
				CLANG_CXX_LIBRARY = "libc++";
				CLANG_ENABLE_MODULES = YES;
				CLANG_ENABLE_OBJC_ARC = YES;
				CLANG_ENABLE_OBJC_WEAK = YES;
				CLANG_WARN_BLOCK_CAPTURE_AUTORELEASING = YES;
				CLANG_WARN_BOOL_CONVERSION = YES;
				CLANG_WARN_COMMA = YES;
				CLANG_WARN_CONSTANT_CONVERSION = YES;
				CLANG_WARN_DEPRECATED_OBJC_IMPLEMENTATIONS = YES;
				CLANG_WARN_DIRECT_OBJC_ISA_USAGE = YES_ERROR;
				CLANG_WARN_DOCUMENTATION_COMMENTS = YES;
				CLANG_WARN_EMPTY_BODY = YES;
				CLANG_WARN_ENUM_CONVERSION = YES;
				CLANG_WARN_INFINITE_RECURSION = YES;
				CLANG_WARN_INT_CONVERSION = YES;
				CLANG_WARN_NON_LITERAL_NULL_CONVERSION = YES;
				CLANG_WARN_OBJC_IMPLICIT_RETAIN_SELF = YES;
				CLANG_WARN_OBJC_LITERAL_CONVERSION = YES;
				CLANG_WARN_OBJC_ROOT_CLASS = YES_ERROR;
				CLANG_WARN_RANGE_LOOP_ANALYSIS = YES;
				CLANG_WARN_STRICT_PROTOTYPES = YES;
				CLANG_WARN_SUSPICIOUS_MOVE = YES;
				CLANG_WARN_UNGUARDED_AVAILABILITY = YES_AGGRESSIVE;
				CLANG_WARN_UNREACHABLE_CODE = YES;
				CLANG_WARN__DUPLICATE_METHOD_MATCH = YES;
				COPY_PHASE_STRIP = NO;
				DEBUG_INFORMATION_FORMAT = "dwarf-with-dsym";
				ENABLE_NS_ASSERTIONS = NO;
				ENABLE_STRICT_OBJC_MSGSEND = YES;
				GCC_C_LANGUAGE_STANDARD = gnu11;
				GCC_NO_COMMON_BLOCKS = YES;
				GCC_WARN_64_TO_32_BIT_CONVERSION = YES;
				GCC_WARN_ABOUT_RETURN_TYPE = YES_ERROR;
				GCC_WARN_UNDECLARED_SELECTOR = YES;
				GCC_WARN_UNINITIALIZED_AUTOS = YES_AGGRESSIVE;
				GCC_WARN_UNUSED_FUNCTION = YES;
				GCC_WARN_UNUSED_VARIABLE = YES;
				IPHONEOS_DEPLOYMENT_TARGET = 13.0;
				MTL_ENABLE_DEBUG_INFO = NO;
				MTL_FAST_MATH = YES;
				SDKROOT = iphoneos;
				SWIFT_COMPILATION_MODE = wholemodule;
				SWIFT_OPTIMIZATION_LEVEL = "-O";
				VALIDATE_PRODUCT = YES;
			};
			name = Release;
		};
		92BCFC7E24C9E60D009C4A1D /* Debug */ = {
			isa = XCBuildConfiguration;
			buildSettings = {
				ASSETCATALOG_COMPILER_APPICON_NAME = AppIcon;
				CODE_SIGN_ENTITLEMENTS = "FLL RePLAY Scorer/FLL RePLAY Scorer.entitlements";
				CODE_SIGN_STYLE = Automatic;
				CURRENT_PROJECT_VERSION = 2;
				DEVELOPMENT_TEAM = YNNP28TXVG;
				INFOPLIST_FILE = "FLL RePLAY Scorer/Info.plist";
				LD_RUNPATH_SEARCH_PATHS = (
					"$(inherited)",
					"@executable_path/Frameworks",
				);
				MARKETING_VERSION = 1.7;
				PRODUCT_BUNDLE_IDENTIFIER = "com.ev3lessons.FLL-RePLAY-Scorer";
				PRODUCT_NAME = "$(TARGET_NAME)";
				SUPPORTS_MACCATALYST = NO;
				SWIFT_VERSION = 5.0;
				TARGETED_DEVICE_FAMILY = "1,2";
			};
			name = Debug;
		};
		92BCFC7F24C9E60D009C4A1D /* Release */ = {
			isa = XCBuildConfiguration;
			buildSettings = {
				ASSETCATALOG_COMPILER_APPICON_NAME = AppIcon;
				CODE_SIGN_ENTITLEMENTS = "FLL RePLAY Scorer/FLL RePLAY Scorer.entitlements";
				CODE_SIGN_STYLE = Automatic;
				CURRENT_PROJECT_VERSION = 2;
				DEVELOPMENT_TEAM = YNNP28TXVG;
				INFOPLIST_FILE = "FLL RePLAY Scorer/Info.plist";
				LD_RUNPATH_SEARCH_PATHS = (
					"$(inherited)",
					"@executable_path/Frameworks",
				);
				MARKETING_VERSION = 1.7;
				PRODUCT_BUNDLE_IDENTIFIER = "com.ev3lessons.FLL-RePLAY-Scorer";
				PRODUCT_NAME = "$(TARGET_NAME)";
				SUPPORTS_MACCATALYST = NO;
				SWIFT_VERSION = 5.0;
				TARGETED_DEVICE_FAMILY = "1,2";
			};
			name = Release;
		};
		92BCFC8124C9E60D009C4A1D /* Debug */ = {
			isa = XCBuildConfiguration;
			buildSettings = {
				ALWAYS_EMBED_SWIFT_STANDARD_LIBRARIES = YES;
				BUNDLE_LOADER = "$(TEST_HOST)";
				CODE_SIGN_STYLE = Automatic;
				DEVELOPMENT_TEAM = YNNP28TXVG;
				INFOPLIST_FILE = "FLL RePLAY ScorerTests/Info.plist";
				IPHONEOS_DEPLOYMENT_TARGET = 13.6;
				LD_RUNPATH_SEARCH_PATHS = (
					"$(inherited)",
					"@executable_path/Frameworks",
					"@loader_path/Frameworks",
				);
				PRODUCT_BUNDLE_IDENTIFIER = "com.ev3lessons.FLL-RePLAY-ScorerTests";
				PRODUCT_NAME = "$(TARGET_NAME)";
				SWIFT_VERSION = 5.0;
				TARGETED_DEVICE_FAMILY = "1,2";
				TEST_HOST = "$(BUILT_PRODUCTS_DIR)/FLL RePLAY Scorer.app/FLL RePLAY Scorer";
			};
			name = Debug;
		};
		92BCFC8224C9E60D009C4A1D /* Release */ = {
			isa = XCBuildConfiguration;
			buildSettings = {
				ALWAYS_EMBED_SWIFT_STANDARD_LIBRARIES = YES;
				BUNDLE_LOADER = "$(TEST_HOST)";
				CODE_SIGN_STYLE = Automatic;
				DEVELOPMENT_TEAM = YNNP28TXVG;
				INFOPLIST_FILE = "FLL RePLAY ScorerTests/Info.plist";
				IPHONEOS_DEPLOYMENT_TARGET = 13.6;
				LD_RUNPATH_SEARCH_PATHS = (
					"$(inherited)",
					"@executable_path/Frameworks",
					"@loader_path/Frameworks",
				);
				PRODUCT_BUNDLE_IDENTIFIER = "com.ev3lessons.FLL-RePLAY-ScorerTests";
				PRODUCT_NAME = "$(TARGET_NAME)";
				SWIFT_VERSION = 5.0;
				TARGETED_DEVICE_FAMILY = "1,2";
				TEST_HOST = "$(BUILT_PRODUCTS_DIR)/FLL RePLAY Scorer.app/FLL RePLAY Scorer";
			};
			name = Release;
		};
		92BCFC8424C9E60D009C4A1D /* Debug */ = {
			isa = XCBuildConfiguration;
			buildSettings = {
				ALWAYS_EMBED_SWIFT_STANDARD_LIBRARIES = YES;
				CODE_SIGN_STYLE = Automatic;
				DEVELOPMENT_TEAM = YNNP28TXVG;
				INFOPLIST_FILE = "FLL RePLAY ScorerUITests/Info.plist";
				LD_RUNPATH_SEARCH_PATHS = (
					"$(inherited)",
					"@executable_path/Frameworks",
					"@loader_path/Frameworks",
				);
				PRODUCT_BUNDLE_IDENTIFIER = "com.ev3lessons.FLL-RePLAY-ScorerUITests";
				PRODUCT_NAME = "$(TARGET_NAME)";
				SWIFT_VERSION = 5.0;
				TARGETED_DEVICE_FAMILY = "1,2";
				TEST_TARGET_NAME = "FLL RePLAY Scorer";
			};
			name = Debug;
		};
		92BCFC8524C9E60D009C4A1D /* Release */ = {
			isa = XCBuildConfiguration;
			buildSettings = {
				ALWAYS_EMBED_SWIFT_STANDARD_LIBRARIES = YES;
				CODE_SIGN_STYLE = Automatic;
				DEVELOPMENT_TEAM = YNNP28TXVG;
				INFOPLIST_FILE = "FLL RePLAY ScorerUITests/Info.plist";
				LD_RUNPATH_SEARCH_PATHS = (
					"$(inherited)",
					"@executable_path/Frameworks",
					"@loader_path/Frameworks",
				);
				PRODUCT_BUNDLE_IDENTIFIER = "com.ev3lessons.FLL-RePLAY-ScorerUITests";
				PRODUCT_NAME = "$(TARGET_NAME)";
				SWIFT_VERSION = 5.0;
				TARGETED_DEVICE_FAMILY = "1,2";
				TEST_TARGET_NAME = "FLL RePLAY Scorer";
			};
			name = Release;
		};
/* End XCBuildConfiguration section */

/* Begin XCConfigurationList section */
		92BCFC4E24C9E608009C4A1D /* Build configuration list for PBXProject "FLL RePlay Scorer" */ = {
			isa = XCConfigurationList;
			buildConfigurations = (
				92BCFC7B24C9E60D009C4A1D /* Debug */,
				92BCFC7C24C9E60D009C4A1D /* Release */,
			);
			defaultConfigurationIsVisible = 0;
			defaultConfigurationName = Release;
		};
		92BCFC7D24C9E60D009C4A1D /* Build configuration list for PBXNativeTarget "FLL RePLAY Scorer" */ = {
			isa = XCConfigurationList;
			buildConfigurations = (
				92BCFC7E24C9E60D009C4A1D /* Debug */,
				92BCFC7F24C9E60D009C4A1D /* Release */,
			);
			defaultConfigurationIsVisible = 0;
			defaultConfigurationName = Release;
		};
		92BCFC8024C9E60D009C4A1D /* Build configuration list for PBXNativeTarget "FLL RePLAY ScorerTests" */ = {
			isa = XCConfigurationList;
			buildConfigurations = (
				92BCFC8124C9E60D009C4A1D /* Debug */,
				92BCFC8224C9E60D009C4A1D /* Release */,
			);
			defaultConfigurationIsVisible = 0;
			defaultConfigurationName = Release;
		};
		92BCFC8324C9E60D009C4A1D /* Build configuration list for PBXNativeTarget "FLL RePLAY ScorerUITests" */ = {
			isa = XCConfigurationList;
			buildConfigurations = (
				92BCFC8424C9E60D009C4A1D /* Debug */,
				92BCFC8524C9E60D009C4A1D /* Release */,
			);
			defaultConfigurationIsVisible = 0;
			defaultConfigurationName = Release;
		};
/* End XCConfigurationList section */
	};
	rootObject = 92BCFC4B24C9E608009C4A1D /* Project object */;
}
